
Microsoft Visual Studio Solution File, Format Version 12.00
# Visual Studio Version 16
VisualStudioVersion = 16.0.31911.196
MinimumVisualStudioVersion = 10.0.40219.1
Project("{FAE04EC0-301F-11D3-BF4B-00C04F79EFBC}") = "Charter-Api", "Charter-Api\Charter-Api.csproj", "{DD72C7DF-EA83-4A05-95E0-A8F09861916D}"
EndProject
Global
	GlobalSection(SolutionConfigurationPlatforms) = preSolution
		Debug|Any CPU = Debug|Any CPU
		Release|Any CPU = Release|Any CPU
	EndGlobalSection
	GlobalSection(ProjectConfigurationPlatforms) = postSolution
		{DD72C7DF-EA83-4A05-95E0-A8F09861916D}.Debug|Any CPU.ActiveCfg = Debug|Any CPU
		{DD72C7DF-EA83-4A05-95E0-A8F09861916D}.Debug|Any CPU.Build.0 = Debug|Any CPU
		{DD72C7DF-EA83-4A05-95E0-A8F09861916D}.Release|Any CPU.ActiveCfg = Release|Any CPU
		{DD72C7DF-EA83-4A05-95E0-A8F09861916D}.Release|Any CPU.Build.0 = Release|Any CPU
	EndGlobalSection
	GlobalSection(SolutionProperties) = preSolution
		HideSolutionNode = FALSE
	EndGlobalSection
	GlobalSection(ExtensibilityGlobals) = postSolution
		SolutionGuid = {AE672762-DA2A-4B62-9CFF-8E0B04620075}
	EndGlobalSection
EndGlobal
